// !$*UTF8*$!
{
	archiveVersion = 1;
	classes = {
	};
	objectVersion = 56;
	objects = {

/* Begin PBXBuildFile section */
		E0AA005A2B3844EA0099EEB4 /* ListViewController.swift in Sources */ = {isa = PBXBuildFile; fileRef = E0AA00592B3844EA0099EEB4 /* ListViewController.swift */; };
		E0C98C3F2B33596C00375F5F /* AppDelegate.swift in Sources */ = {isa = PBXBuildFile; fileRef = E0C98C3E2B33596C00375F5F /* AppDelegate.swift */; };
		E0C98C412B33596C00375F5F /* SceneDelegate.swift in Sources */ = {isa = PBXBuildFile; fileRef = E0C98C402B33596C00375F5F /* SceneDelegate.swift */; };
		E0C98C432B33596C00375F5F /* MapsViewController.swift in Sources */ = {isa = PBXBuildFile; fileRef = E0C98C422B33596C00375F5F /* MapsViewController.swift */; };
		E0C98C462B33596C00375F5F /* Main.storyboard in Resources */ = {isa = PBXBuildFile; fileRef = E0C98C442B33596C00375F5F /* Main.storyboard */; };
		E0C98C492B33596C00375F5F /* HaritalarUygulamas_.xcdatamodeld in Sources */ = {isa = PBXBuildFile; fileRef = E0C98C472B33596C00375F5F /* HaritalarUygulamas_.xcdatamodeld */; };
		E0C98C4B2B33596D00375F5F /* Assets.xcassets in Resources */ = {isa = PBXBuildFile; fileRef = E0C98C4A2B33596D00375F5F /* Assets.xcassets */; };
		E0C98C4E2B33596D00375F5F /* LaunchScreen.storyboard in Resources */ = {isa = PBXBuildFile; fileRef = E0C98C4C2B33596D00375F5F /* LaunchScreen.storyboard */; };
/* End PBXBuildFile section */

/* Begin PBXFileReference section */
		E0AA00592B3844EA0099EEB4 /* ListViewController.swift */ = {isa = PBXFileReference; lastKnownFileType = sourcecode.swift; path = ListViewController.swift; sourceTree = "<group>"; };
		E0C98C3B2B33596C00375F5F /* HaritalarUygulaması.app */ = {isa = PBXFileReference; explicitFileType = wrapper.application; includeInIndex = 0; path = "HaritalarUygulaması.app"; sourceTree = BUILT_PRODUCTS_DIR; };
		E0C98C3E2B33596C00375F5F /* AppDelegate.swift */ = {isa = PBXFileReference; lastKnownFileType = sourcecode.swift; path = AppDelegate.swift; sourceTree = "<group>"; };
		E0C98C402B33596C00375F5F /* SceneDelegate.swift */ = {isa = PBXFileReference; lastKnownFileType = sourcecode.swift; path = SceneDelegate.swift; sourceTree = "<group>"; };
		E0C98C422B33596C00375F5F /* MapsViewController.swift */ = {isa = PBXFileReference; lastKnownFileType = sourcecode.swift; path = MapsViewController.swift; sourceTree = "<group>"; };
		E0C98C452B33596C00375F5F /* Base */ = {isa = PBXFileReference; lastKnownFileType = file.storyboard; name = Base; path = Base.lproj/Main.storyboard; sourceTree = "<group>"; };
		E0C98C482B33596C00375F5F /* HaritalarUygulamas_.xcdatamodel */ = {isa = PBXFileReference; lastKnownFileType = wrapper.xcdatamodel; path = HaritalarUygulamas_.xcdatamodel; sourceTree = "<group>"; };
		E0C98C4A2B33596D00375F5F /* Assets.xcassets */ = {isa = PBXFileReference; lastKnownFileType = folder.assetcatalog; path = Assets.xcassets; sourceTree = "<group>"; };
		E0C98C4D2B33596D00375F5F /* Base */ = {isa = PBXFileReference; lastKnownFileType = file.storyboard; name = Base; path = Base.lproj/LaunchScreen.storyboard; sourceTree = "<group>"; };
		E0C98C4F2B33596D00375F5F /* Info.plist */ = {isa = PBXFileReference; lastKnownFileType = text.plist.xml; path = Info.plist; sourceTree = "<group>"; };
/* End PBXFileReference section */

/* Begin PBXFrameworksBuildPhase section */
		E0C98C382B33596C00375F5F /* Frameworks */ = {
			isa = PBXFrameworksBuildPhase;
			buildActionMask = 2147483647;
			files = (
			);
			runOnlyForDeploymentPostprocessing = 0;
		};
/* End PBXFrameworksBuildPhase section */

/* Begin PBXGroup section */
		E0C98C322B33596C00375F5F = {
			isa = PBXGroup;
			children = (
				E0C98C3D2B33596C00375F5F /* HaritalarUygulaması */,
				E0C98C3C2B33596C00375F5F /* Products */,
			);
			sourceTree = "<group>";
		};
		E0C98C3C2B33596C00375F5F /* Products */ = {
			isa = PBXGroup;
			children = (
				E0C98C3B2B33596C00375F5F /* HaritalarUygulaması.app */,
			);
			name = Products;
			sourceTree = "<group>";
		};
		E0C98C3D2B33596C00375F5F /* HaritalarUygulaması */ = {
			isa = PBXGroup;
			children = (
				E0C98C3E2B33596C00375F5F /* AppDelegate.swift */,
				E0C98C402B33596C00375F5F /* SceneDelegate.swift */,
				E0C98C422B33596C00375F5F /* MapsViewController.swift */,
				E0C98C442B33596C00375F5F /* Main.storyboard */,
				E0C98C4A2B33596D00375F5F /* Assets.xcassets */,
				E0C98C4C2B33596D00375F5F /* LaunchScreen.storyboard */,
				E0C98C4F2B33596D00375F5F /* Info.plist */,
				E0C98C472B33596C00375F5F /* HaritalarUygulamas_.xcdatamodeld */,
				E0AA00592B3844EA0099EEB4 /* ListViewController.swift */,
			);
			path = "HaritalarUygulaması";
			sourceTree = "<group>";
		};
/* End PBXGroup section */

/* Begin PBXNativeTarget section */
		E0C98C3A2B33596C00375F5F /* HaritalarUygulaması */ = {
			isa = PBXNativeTarget;
			buildConfigurationList = E0C98C522B33596D00375F5F /* Build configuration list for PBXNativeTarget "HaritalarUygulaması" */;
			buildPhases = (
				E0C98C372B33596C00375F5F /* Sources */,
				E0C98C382B33596C00375F5F /* Frameworks */,
				E0C98C392B33596C00375F5F /* Resources */,
			);
			buildRules = (
			);
			dependencies = (
			);
			name = "HaritalarUygulaması";
			productName = "HaritalarUygulaması";
			productReference = E0C98C3B2B33596C00375F5F /* HaritalarUygulaması.app */;
			productType = "com.apple.product-type.application";
		};
/* End PBXNativeTarget section */

/* Begin PBXProject section */
		E0C98C332B33596C00375F5F /* Project object */ = {
			isa = PBXProject;
			attributes = {
				BuildIndependentTargetsInParallel = 1;
				LastSwiftUpdateCheck = 1510;
				LastUpgradeCheck = 1510;
				TargetAttributes = {
					E0C98C3A2B33596C00375F5F = {
						CreatedOnToolsVersion = 15.1;
					};
				};
			};
			buildConfigurationList = E0C98C362B33596C00375F5F /* Build configuration list for PBXProject "HaritalarUygulaması" */;
			compatibilityVersion = "Xcode 14.0";
			developmentRegion = en;
			hasScannedForEncodings = 0;
			knownRegions = (
				en,
				Base,
			);
			mainGroup = E0C98C322B33596C00375F5F;
			productRefGroup = E0C98C3C2B33596C00375F5F /* Products */;
			projectDirPath = "";
			projectRoot = "";
			targets = (
				E0C98C3A2B33596C00375F5F /* HaritalarUygulaması */,
			);
		};
/* End PBXProject section */

/* Begin PBXResourcesBuildPhase section */
		E0C98C392B33596C00375F5F /* Resources */ = {
			isa = PBXResourcesBuildPhase;
			buildActionMask = 2147483647;
			files = (
				E0C98C4E2B33596D00375F5F /* LaunchScreen.storyboard in Resources */,
				E0C98C4B2B33596D00375F5F /* Assets.xcassets in Resources */,
				E0C98C462B33596C00375F5F /* Main.storyboard in Resources */,
			);
			runOnlyForDeploymentPostprocessing = 0;
		};
/* End PBXResourcesBuildPhase section */

/* Begin PBXSourcesBuildPhase section */
		E0C98C372B33596C00375F5F /* Sources */ = {
			isa = PBXSourcesBuildPhase;
			buildActionMask = 2147483647;
			files = (
				E0C98C432B33596C00375F5F /* MapsViewController.swift in Sources */,
				E0C98C3F2B33596C00375F5F /* AppDelegate.swift in Sources */,
				E0C98C492B33596C00375F5F /* HaritalarUygulamas_.xcdatamodeld in Sources */,
				E0AA005A2B3844EA0099EEB4 /* ListViewController.swift in Sources */,
				E0C98C412B33596C00375F5F /* SceneDelegate.swift in Sources */,
			);
			runOnlyForDeploymentPostprocessing = 0;
		};
/* End PBXSourcesBuildPhase section */

/* Begin PBXVariantGroup section */
		E0C98C442B33596C00375F5F /* Main.storyboard */ = {
			isa = PBXVariantGroup;
			children = (
				E0C98C452B33596C00375F5F /* Base */,
			);
			name = Main.storyboard;
			sourceTree = "<group>";
		};
		E0C98C4C2B33596D00375F5F /* LaunchScreen.storyboard */ = {
			isa = PBXVariantGroup;
			children = (
				E0C98C4D2B33596D00375F5F /* Base */,
			);
			name = LaunchScreen.storyboard;
			sourceTree = "<group>";
		};
/* End PBXVariantGroup section */

/* Begin XCBuildConfiguration section */
		E0C98C502B33596D00375F5F /* Debug */ = {
			isa = XCBuildConfiguration;
			buildSettings = {
				ALWAYS_SEARCH_USER_PATHS = NO;
				ASSETCATALOG_COMPILER_GENERATE_SWIFT_ASSET_SYMBOL_EXTENSIONS = YES;
				CLANG_ANALYZER_NONNULL = YES;
				CLANG_ANALYZER_NUMBER_OBJECT_CONVERSION = YES_AGGRESSIVE;
				CLANG_CXX_LANGUAGE_STANDARD = "gnu++20";
				CLANG_ENABLE_MODULES = YES;
				CLANG_ENABLE_OBJC_ARC = YES;
				CLANG_ENABLE_OBJC_WEAK = YES;
				CLANG_WARN_BLOCK_CAPTURE_AUTORELEASING = YES;
				CLANG_WARN_BOOL_CONVERSION = YES;
				CLANG_WARN_COMMA = YES;
				CLANG_WARN_CONSTANT_CONVERSION = YES;
				CLANG_WARN_DEPRECATED_OBJC_IMPLEMENTATIONS = YES;
				CLANG_WARN_DIRECT_OBJC_ISA_USAGE = YES_ERROR;
				CLANG_WARN_DOCUMENTATION_COMMENTS = YES;
				CLANG_WARN_EMPTY_BODY = YES;
				CLANG_WARN_ENUM_CONVERSION = YES;
				CLANG_WARN_INFINITE_RECURSION = YES;
				CLANG_WARN_INT_CONVERSION = YES;
				CLANG_WARN_NON_LITERAL_NULL_CONVERSION = YES;
				CLANG_WARN_OBJC_IMPLICIT_RETAIN_SELF = YES;
				CLANG_WARN_OBJC_LITERAL_CONVERSION = YES;
				CLANG_WARN_OBJC_ROOT_CLASS = YES_ERROR;
				CLANG_WARN_QUOTED_INCLUDE_IN_FRAMEWORK_HEADER = YES;
				CLANG_WARN_RANGE_LOOP_ANALYSIS = YES;
				CLANG_WARN_STRICT_PROTOTYPES = YES;
				CLANG_WARN_SUSPICIOUS_MOVE = YES;
				CLANG_WARN_UNGUARDED_AVAILABILITY = YES_AGGRESSIVE;
				CLANG_WARN_UNREACHABLE_CODE = YES;
				CLANG_WARN__DUPLICATE_METHOD_MATCH = YES;
				COPY_PHASE_STRIP = NO;
				DEBUG_INFORMATION_FORMAT = dwarf;
				ENABLE_STRICT_OBJC_MSGSEND = YES;
				ENABLE_TESTABILITY = YES;
				ENABLE_USER_SCRIPT_SANDBOXING = YES;
				GCC_C_LANGUAGE_STANDARD = gnu17;
				GCC_DYNAMIC_NO_PIC = NO;
				GCC_NO_COMMON_BLOCKS = YES;
				GCC_OPTIMIZATION_LEVEL = 0;
				GCC_PREPROCESSOR_DEFINITIONS = (
					"DEBUG=1",
					"$(inherited)",
				);
				GCC_WARN_64_TO_32_BIT_CONVERSION = YES;
				GCC_WARN_ABOUT_RETURN_TYPE = YES_ERROR;
				GCC_WARN_UNDECLARED_SELECTOR = YES;
				GCC_WARN_UNINITIALIZED_AUTOS = YES_AGGRESSIVE;
				GCC_WARN_UNUSED_FUNCTION = YES;
				GCC_WARN_UNUSED_VARIABLE = YES;
				IPHONEOS_DEPLOYMENT_TARGET = 17.2;
				LOCALIZATION_PREFERS_STRING_CATALOGS = YES;
				MTL_ENABLE_DEBUG_INFO = INCLUDE_SOURCE;
				MTL_FAST_MATH = YES;
				ONLY_ACTIVE_ARCH = YES;
				SDKROOT = iphoneos;
				SWIFT_ACTIVE_COMPILATION_CONDITIONS = "DEBUG $(inherited)";
				SWIFT_OPTIMIZATION_LEVEL = "-Onone";
			};
			name = Debug;
		};
		E0C98C512B33596D00375F5F /* Release */ = {
			isa = XCBuildConfiguration;
			buildSettings = {
				ALWAYS_SEARCH_USER_PATHS = NO;
				ASSETCATALOG_COMPILER_GENERATE_SWIFT_ASSET_SYMBOL_EXTENSIONS = YES;
				CLANG_ANALYZER_NONNULL = YES;
				CLANG_ANALYZER_NUMBER_OBJECT_CONVERSION = YES_AGGRESSIVE;
				CLANG_CXX_LANGUAGE_STANDARD = "gnu++20";
				CLANG_ENABLE_MODULES = YES;
				CLANG_ENABLE_OBJC_ARC = YES;
				CLANG_ENABLE_OBJC_WEAK = YES;
				CLANG_WARN_BLOCK_CAPTURE_AUTORELEASING = YES;
				CLANG_WARN_BOOL_CONVERSION = YES;
				CLANG_WARN_COMMA = YES;
				CLANG_WARN_CONSTANT_CONVERSION = YES;
				CLANG_WARN_DEPRECATED_OBJC_IMPLEMENTATIONS = YES;
				CLANG_WARN_DIRECT_OBJC_ISA_USAGE = YES_ERROR;
				CLANG_WARN_DOCUMENTATION_COMMENTS = YES;
				CLANG_WARN_EMPTY_BODY = YES;
				CLANG_WARN_ENUM_CONVERSION = YES;
				CLANG_WARN_INFINITE_RECURSION = YES;
				CLANG_WARN_INT_CONVERSION = YES;
				CLANG_WARN_NON_LITERAL_NULL_CONVERSION = YES;
				CLANG_WARN_OBJC_IMPLICIT_RETAIN_SELF = YES;
				CLANG_WARN_OBJC_LITERAL_CONVERSION = YES;
				CLANG_WARN_OBJC_ROOT_CLASS = YES_ERROR;
				CLANG_WARN_QUOTED_INCLUDE_IN_FRAMEWORK_HEADER = YES;
				CLANG_WARN_RANGE_LOOP_ANALYSIS = YES;
				CLANG_WARN_STRICT_PROTOTYPES = YES;
				CLANG_WARN_SUSPICIOUS_MOVE = YES;
				CLANG_WARN_UNGUARDED_AVAILABILITY = YES_AGGRESSIVE;
				CLANG_WARN_UNREACHABLE_CODE = YES;
				CLANG_WARN__DUPLICATE_METHOD_MATCH = YES;
				COPY_PHASE_STRIP = NO;
				DEBUG_INFORMATION_FORMAT = "dwarf-with-dsym";
				ENABLE_NS_ASSERTIONS = NO;
				ENABLE_STRICT_OBJC_MSGSEND = YES;
				ENABLE_USER_SCRIPT_SANDBOXING = YES;
				GCC_C_LANGUAGE_STANDARD = gnu17;
				GCC_NO_COMMON_BLOCKS = YES;
				GCC_WARN_64_TO_32_BIT_CONVERSION = YES;
				GCC_WARN_ABOUT_RETURN_TYPE = YES_ERROR;
				GCC_WARN_UNDECLARED_SELECTOR = YES;
				GCC_WARN_UNINITIALIZED_AUTOS = YES_AGGRESSIVE;
				GCC_WARN_UNUSED_FUNCTION = YES;
				GCC_WARN_UNUSED_VARIABLE = YES;
				IPHONEOS_DEPLOYMENT_TARGET = 17.2;
				LOCALIZATION_PREFERS_STRING_CATALOGS = YES;
				MTL_ENABLE_DEBUG_INFO = NO;
				MTL_FAST_MATH = YES;
				SDKROOT = iphoneos;
				SWIFT_COMPILATION_MODE = wholemodule;
				VALIDATE_PRODUCT = YES;
			};
			name = Release;
		};
		E0C98C532B33596D00375F5F /* Debug */ = {
			isa = XCBuildConfiguration;
			buildSettings = {
				ASSETCATALOG_COMPILER_APPICON_NAME = AppIcon;
				ASSETCATALOG_COMPILER_GLOBAL_ACCENT_COLOR_NAME = AccentColor;
				CODE_SIGN_STYLE = Automatic;
				CURRENT_PROJECT_VERSION = 1;
				DEVELOPMENT_TEAM = KW7DJHK262;
				GENERATE_INFOPLIST_FILE = YES;
				INFOPLIST_FILE = "HaritalarUygulaması/Info.plist";
				INFOPLIST_KEY_UIApplicationSupportsIndirectInputEvents = YES;
				INFOPLIST_KEY_UILaunchStoryboardName = LaunchScreen;
				INFOPLIST_KEY_UIMainStoryboardFile = Main;
				INFOPLIST_KEY_UISupportedInterfaceOrientations_iPad = "UIInterfaceOrientationPortrait UIInterfaceOrientationPortraitUpsideDown UIInterfaceOrientationLandscapeLeft UIInterfaceOrientationLandscapeRight";
				INFOPLIST_KEY_UISupportedInterfaceOrientations_iPhone = "UIInterfaceOrientationPortrait UIInterfaceOrientationLandscapeLeft UIInterfaceOrientationLandscapeRight";
				LD_RUNPATH_SEARCH_PATHS = (
					"$(inherited)",
					"@executable_path/Frameworks",
				);
				MARKETING_VERSION = 1.0;
				PRODUCT_BUNDLE_IDENTIFIER = "com.alidurna.HaritalarUygulamas-";
				PRODUCT_NAME = "$(TARGET_NAME)";
				SWIFT_EMIT_LOC_STRINGS = YES;
				SWIFT_VERSION = 5.0;
				TARGETED_DEVICE_FAMILY = "1,2";
			};
			name = Debug;
		};
		E0C98C542B33596D00375F5F /* Release */ = {
			isa = XCBuildConfiguration;
			buildSettings = {
				ASSETCATALOG_COMPILER_APPICON_NAME = AppIcon;
				ASSETCATALOG_COMPILER_GLOBAL_ACCENT_COLOR_NAME = AccentColor;
				CODE_SIGN_STYLE = Automatic;
				CURRENT_PROJECT_VERSION = 1;
				DEVELOPMENT_TEAM = KW7DJHK262;
				GENERATE_INFOPLIST_FILE = YES;
				INFOPLIST_FILE = "HaritalarUygulaması/Info.plist";
				INFOPLIST_KEY_UIApplicationSupportsIndirectInputEvents = YES;
				INFOPLIST_KEY_UILaunchStoryboardName = LaunchScreen;
				INFOPLIST_KEY_UIMainStoryboardFile = Main;
				INFOPLIST_KEY_UISupportedInterfaceOrientations_iPad = "UIInterfaceOrientationPortrait UIInterfaceOrientationPortraitUpsideDown UIInterfaceOrientationLandscapeLeft UIInterfaceOrientationLandscapeRight";
				INFOPLIST_KEY_UISupportedInterfaceOrientations_iPhone = "UIInterfaceOrientationPortrait UIInterfaceOrientationLandscapeLeft UIInterfaceOrientationLandscapeRight";
				LD_RUNPATH_SEARCH_PATHS = (
					"$(inherited)",
					"@executable_path/Frameworks",
				);
				MARKETING_VERSION = 1.0;
				PRODUCT_BUNDLE_IDENTIFIER = "com.alidurna.HaritalarUygulamas-";
				PRODUCT_NAME = "$(TARGET_NAME)";
				SWIFT_EMIT_LOC_STRINGS = YES;
				SWIFT_VERSION = 5.0;
				TARGETED_DEVICE_FAMILY = "1,2";
			};
			name = Release;
		};
/* End XCBuildConfiguration section */

/* Begin XCConfigurationList section */
		E0C98C362B33596C00375F5F /* Build configuration list for PBXProject "HaritalarUygulaması" */ = {
			isa = XCConfigurationList;
			buildConfigurations = (
				E0C98C502B33596D00375F5F /* Debug */,
				E0C98C512B33596D00375F5F /* Release */,
			);
			defaultConfigurationIsVisible = 0;
			defaultConfigurationName = Release;
		};
		E0C98C522B33596D00375F5F /* Build configuration list for PBXNativeTarget "HaritalarUygulaması" */ = {
			isa = XCConfigurationList;
			buildConfigurations = (
				E0C98C532B33596D00375F5F /* Debug */,
				E0C98C542B33596D00375F5F /* Release */,
			);
			defaultConfigurationIsVisible = 0;
			defaultConfigurationName = Release;
		};
/* End XCConfigurationList section */

/* Begin XCVersionGroup section */
		E0C98C472B33596C00375F5F /* HaritalarUygulamas_.xcdatamodeld */ = {
			isa = XCVersionGroup;
			children = (
				E0C98C482B33596C00375F5F /* HaritalarUygulamas_.xcdatamodel */,
			);
			currentVersion = E0C98C482B33596C00375F5F /* HaritalarUygulamas_.xcdatamodel */;
			path = HaritalarUygulamas_.xcdatamodeld;
			sourceTree = "<group>";
			versionGroupType = wrapper.xcdatamodel;
		};
/* End XCVersionGroup section */
	};
	rootObject = E0C98C332B33596C00375F5F /* Project object */;
}
